
Microsoft Visual Studio Solution File, Format Version 12.00
# Visual Studio Version 16
VisualStudioVersion = 16.0.34031.81
MinimumVisualStudioVersion = 10.0.40219.1
Project("{2150E333-8FDC-42A3-9474-1A3956D46DE8}") = "Task0", "Task0", "{D5C0356C-6AA2-40D8-8763-5AC9B6D0EE43}"
EndProject
Project("{FAE04EC0-301F-11D3-BF4B-00C04F79EFBC}") = "Tyuiu.MolodykhVY.Sprint4.Task0.V12", "Tyuiu.MolodykhVY.Sprint4.Task0.V12\Tyuiu.MolodykhVY.Sprint4.Task0.V12.csproj", "{53F4967C-A465-423C-B822-011FF48CB020}"
EndProject
Project("{FAE04EC0-301F-11D3-BF4B-00C04F79EFBC}") = "Tyuiu.MolodykhVY.Sprint4.Task0.V12.Test", "Tyuiu.MolodykhVY.Sprint4.Task0.V12.Test\Tyuiu.MolodykhVY.Sprint4.Task0.V12.Test.csproj", "{9532F5FE-417E-4836-BF39-EC91FB3E642A}"
EndProject
Project("{FAE04EC0-301F-11D3-BF4B-00C04F79EFBC}") = "Tyuiu.MolodykhVY.Sprint4.Task0.V12.Lib", "Tyuiu.MolodykhVY.Sprint4.Task0.V12.Lib\Tyuiu.MolodykhVY.Sprint4.Task0.V12.Lib.csproj", "{33283DB2-DE26-40C8-9916-D9949170E65E}"
EndProject
Project("{2150E333-8FDC-42A3-9474-1A3956D46DE8}") = "Task1", "Task1", "{383A0548-8763-4F90-9CF8-E73D2C30E559}"
EndProject
Project("{FAE04EC0-301F-11D3-BF4B-00C04F79EFBC}") = "Tyuiu.MolodykhVY.Sprint4.Task1.V18", "Tyuiu.MolodykhVY.Sprint4.Task1.V18\Tyuiu.MolodykhVY.Sprint4.Task1.V18.csproj", "{8390681C-1789-4026-94F2-61500C1E7631}"
EndProject
Project("{FAE04EC0-301F-11D3-BF4B-00C04F79EFBC}") = "Tyuiu.MolodykhVY.Sprint4.Task1.V18.Test", "Tyuiu.MolodykhVY.Sprint4.Task1.V18.Test\Tyuiu.MolodykhVY.Sprint4.Task1.V18.Test.csproj", "{1D8E9CF6-5806-4B01-98EA-407FC5C83C26}"
EndProject
Project("{FAE04EC0-301F-11D3-BF4B-00C04F79EFBC}") = "Tyuiu.MolodykhVY.Sprint4.Task1.V18.Lib", "Tyuiu.MolodykhVY.Sprint4.Task1.V18.Lib\Tyuiu.MolodykhVY.Sprint4.Task1.V18.Lib.csproj", "{73A5A3C5-A95F-40F6-960A-A5FBB8ACD5A2}"
EndProject
Project("{2150E333-8FDC-42A3-9474-1A3956D46DE8}") = "Task2", "Task2", "{81A13014-0070-498F-8B57-562B110C68D3}"
EndProject
Project("{FAE04EC0-301F-11D3-BF4B-00C04F79EFBC}") = "Tyuiu.MolodykhVY.Sprint4.Task2.V12", "Tyuiu.MolodykhVY.Sprint4.Task2.V12\Tyuiu.MolodykhVY.Sprint4.Task2.V12.csproj", "{3D99E457-47E9-4958-A9BC-04A73FF9644A}"
EndProject
Project("{FAE04EC0-301F-11D3-BF4B-00C04F79EFBC}") = "Tyuiu.MolodykhVY.Sprint4.Task2.V12.Lib", "Tyuiu.MolodykhVY.Sprint4.Task2.V12.Lib\Tyuiu.MolodykhVY.Sprint4.Task2.V12.Lib.csproj", "{F64C8727-E73C-4D7C-BBD7-63275EF788C4}"
EndProject
Project("{FAE04EC0-301F-11D3-BF4B-00C04F79EFBC}") = "Tyuiu.MolodykhVY.Sprint4.Task2.V12.Test", "Tyuiu.MolodykhVY.Sprint4.Task2.V12.Test\Tyuiu.MolodykhVY.Sprint4.Task2.V12.Test.csproj", "{AEDCE334-7FCF-4F71-B959-94F70BDB1E48}"
EndProject
Global
	GlobalSection(SolutionConfigurationPlatforms) = preSolution
		Debug|Any CPU = Debug|Any CPU
		Release|Any CPU = Release|Any CPU
	EndGlobalSection
	GlobalSection(ProjectConfigurationPlatforms) = postSolution
		{53F4967C-A465-423C-B822-011FF48CB020}.Debug|Any CPU.ActiveCfg = Debug|Any CPU
		{53F4967C-A465-423C-B822-011FF48CB020}.Debug|Any CPU.Build.0 = Debug|Any CPU
		{53F4967C-A465-423C-B822-011FF48CB020}.Release|Any CPU.ActiveCfg = Release|Any CPU
		{53F4967C-A465-423C-B822-011FF48CB020}.Release|Any CPU.Build.0 = Release|Any CPU
		{9532F5FE-417E-4836-BF39-EC91FB3E642A}.Debug|Any CPU.ActiveCfg = Debug|Any CPU
		{9532F5FE-417E-4836-BF39-EC91FB3E642A}.Debug|Any CPU.Build.0 = Debug|Any CPU
		{9532F5FE-417E-4836-BF39-EC91FB3E642A}.Release|Any CPU.ActiveCfg = Release|Any CPU
		{9532F5FE-417E-4836-BF39-EC91FB3E642A}.Release|Any CPU.Build.0 = Release|Any CPU
		{33283DB2-DE26-40C8-9916-D9949170E65E}.Debug|Any CPU.ActiveCfg = Debug|Any CPU
		{33283DB2-DE26-40C8-9916-D9949170E65E}.Debug|Any CPU.Build.0 = Debug|Any CPU
		{33283DB2-DE26-40C8-9916-D9949170E65E}.Release|Any CPU.ActiveCfg = Release|Any CPU
		{33283DB2-DE26-40C8-9916-D9949170E65E}.Release|Any CPU.Build.0 = Release|Any CPU
		{8390681C-1789-4026-94F2-61500C1E7631}.Debug|Any CPU.ActiveCfg = Debug|Any CPU
		{8390681C-1789-4026-94F2-61500C1E7631}.Debug|Any CPU.Build.0 = Debug|Any CPU
		{8390681C-1789-4026-94F2-61500C1E7631}.Release|Any CPU.ActiveCfg = Release|Any CPU
		{8390681C-1789-4026-94F2-61500C1E7631}.Release|Any CPU.Build.0 = Release|Any CPU
		{1D8E9CF6-5806-4B01-98EA-407FC5C83C26}.Debug|Any CPU.ActiveCfg = Debug|Any CPU
		{1D8E9CF6-5806-4B01-98EA-407FC5C83C26}.Debug|Any CPU.Build.0 = Debug|Any CPU
		{1D8E9CF6-5806-4B01-98EA-407FC5C83C26}.Release|Any CPU.ActiveCfg = Release|Any CPU
		{1D8E9CF6-5806-4B01-98EA-407FC5C83C26}.Release|Any CPU.Build.0 = Release|Any CPU
		{73A5A3C5-A95F-40F6-960A-A5FBB8ACD5A2}.Debug|Any CPU.ActiveCfg = Debug|Any CPU
		{73A5A3C5-A95F-40F6-960A-A5FBB8ACD5A2}.Debug|Any CPU.Build.0 = Debug|Any CPU
		{73A5A3C5-A95F-40F6-960A-A5FBB8ACD5A2}.Release|Any CPU.ActiveCfg = Release|Any CPU
		{73A5A3C5-A95F-40F6-960A-A5FBB8ACD5A2}.Release|Any CPU.Build.0 = Release|Any CPU
		{3D99E457-47E9-4958-A9BC-04A73FF9644A}.Debug|Any CPU.ActiveCfg = Debug|Any CPU
		{3D99E457-47E9-4958-A9BC-04A73FF9644A}.Debug|Any CPU.Build.0 = Debug|Any CPU
		{3D99E457-47E9-4958-A9BC-04A73FF9644A}.Release|Any CPU.ActiveCfg = Release|Any CPU
		{3D99E457-47E9-4958-A9BC-04A73FF9644A}.Release|Any CPU.Build.0 = Release|Any CPU
		{F64C8727-E73C-4D7C-BBD7-63275EF788C4}.Debug|Any CPU.ActiveCfg = Debug|Any CPU
		{F64C8727-E73C-4D7C-BBD7-63275EF788C4}.Debug|Any CPU.Build.0 = Debug|Any CPU
		{F64C8727-E73C-4D7C-BBD7-63275EF788C4}.Release|Any CPU.ActiveCfg = Release|Any CPU
		{F64C8727-E73C-4D7C-BBD7-63275EF788C4}.Release|Any CPU.Build.0 = Release|Any CPU
		{AEDCE334-7FCF-4F71-B959-94F70BDB1E48}.Debug|Any CPU.ActiveCfg = Debug|Any CPU
		{AEDCE334-7FCF-4F71-B959-94F70BDB1E48}.Debug|Any CPU.Build.0 = Debug|Any CPU
		{AEDCE334-7FCF-4F71-B959-94F70BDB1E48}.Release|Any CPU.ActiveCfg = Release|Any CPU
		{AEDCE334-7FCF-4F71-B959-94F70BDB1E48}.Release|Any CPU.Build.0 = Release|Any CPU
	EndGlobalSection
	GlobalSection(SolutionProperties) = preSolution
		HideSolutionNode = FALSE
	EndGlobalSection
	GlobalSection(NestedProjects) = preSolution
		{53F4967C-A465-423C-B822-011FF48CB020} = {D5C0356C-6AA2-40D8-8763-5AC9B6D0EE43}
		{9532F5FE-417E-4836-BF39-EC91FB3E642A} = {D5C0356C-6AA2-40D8-8763-5AC9B6D0EE43}
		{33283DB2-DE26-40C8-9916-D9949170E65E} = {D5C0356C-6AA2-40D8-8763-5AC9B6D0EE43}
		{8390681C-1789-4026-94F2-61500C1E7631} = {383A0548-8763-4F90-9CF8-E73D2C30E559}
		{1D8E9CF6-5806-4B01-98EA-407FC5C83C26} = {383A0548-8763-4F90-9CF8-E73D2C30E559}
		{73A5A3C5-A95F-40F6-960A-A5FBB8ACD5A2} = {383A0548-8763-4F90-9CF8-E73D2C30E559}
		{3D99E457-47E9-4958-A9BC-04A73FF9644A} = {81A13014-0070-498F-8B57-562B110C68D3}
		{F64C8727-E73C-4D7C-BBD7-63275EF788C4} = {81A13014-0070-498F-8B57-562B110C68D3}
		{AEDCE334-7FCF-4F71-B959-94F70BDB1E48} = {81A13014-0070-498F-8B57-562B110C68D3}
	EndGlobalSection
	GlobalSection(ExtensibilityGlobals) = postSolution
		SolutionGuid = {259DB528-BD28-4382-ADE8-AE53F0735DF2}
	EndGlobalSection
EndGlobal
